
Microsoft Visual Studio Solution File, Format Version 12.00
# Visual Studio Version 17
VisualStudioVersion = 17.14.36616.10
MinimumVisualStudioVersion = 10.0.40219.1
Project("{2150E333-8FDC-42A3-9474-1A3956D46DE8}") = "Task0", "Task0", "{02EA681E-C7D8-13C7-8484-4AC65E1B71E8}"
EndProject
Project("{FAE04EC0-301F-11D3-BF4B-00C04F79EFBC}") = "Tyuiu.SherenkovIR.Sprint4.Task0.V26", "Tyuiu.SherenkovIR.Sprint4.Task0.V26\Tyuiu.SherenkovIR.Sprint4.Task0.V26.csproj", "{961B2726-D2F8-4770-B880-8B81D3695627}"
EndProject
Project("{FAE04EC0-301F-11D3-BF4B-00C04F79EFBC}") = "Tyuiu.SherenkovIR.Sprint4.Task0.V26.Lib", "Tyuiu.SherenkovIR.Sprint4.Task0.V26.Lib\Tyuiu.SherenkovIR.Sprint4.Task0.V26.Lib.csproj", "{4037E014-8029-4B4B-A87D-626268438F45}"
EndProject
Project("{FAE04EC0-301F-11D3-BF4B-00C04F79EFBC}") = "Tyuiu.SherenkovIR.Sprint4.Task0.V26.Test", "Tyuiu.SherenkovIR.Sprint4.Task0.V26.Test\Tyuiu.SherenkovIR.Sprint4.Task0.V26.Test.csproj", "{1F33981C-AEA2-440C-838E-D2C30C09AF88}"
EndProject
Project("{2150E333-8FDC-42A3-9474-1A3956D46DE8}") = "Task1", "Task1", "{920233E6-0591-4FD6-887C-91C90443F1BD}"
EndProject
Project("{FAE04EC0-301F-11D3-BF4B-00C04F79EFBC}") = "Tyuiu.SherenkovIR.Sprint4.Task1.V28", "Tyuiu.SherenkovIR.Sprint4.Task1.V28\Tyuiu.SherenkovIR.Sprint4.Task1.V28.csproj", "{826C278D-5329-4FAA-89AE-C8F20ECD3709}"
EndProject
Project("{FAE04EC0-301F-11D3-BF4B-00C04F79EFBC}") = "Tyuiu.SherenkovIR.Sprint4.Task1.V28.Lib", "Tyuiu.SherenkovIR.Sprint4.Task1.V28.Lib\Tyuiu.SherenkovIR.Sprint4.Task1.V28.Lib.csproj", "{DDF956FB-924A-4132-BDC8-F5B9D3DB0A10}"
EndProject
Project("{FAE04EC0-301F-11D3-BF4B-00C04F79EFBC}") = "Tyuiu.SherenkovIR.Sprint4.Task1.V28.Test", "Tyuiu.SherenkovIR.Sprint4.Task1.V28.Test\Tyuiu.SherenkovIR.Sprint4.Task1.V28.Test.csproj", "{4052EB94-CEA1-468C-8B23-89EAFA8258E2}"
EndProject
Project("{2150E333-8FDC-42A3-9474-1A3956D46DE8}") = "Task2", "Task2", "{B20DCDE8-03D6-446F-834B-E1F567086EE4}"
EndProject
Project("{FAE04EC0-301F-11D3-BF4B-00C04F79EFBC}") = "Tyuiu.SherenkovIR.Sprint4.Task2.V10", "Tyuiu.SherenkovIR.Sprint4.Task2.V10\Tyuiu.SherenkovIR.Sprint4.Task2.V10.csproj", "{BD0D5014-A395-4F1F-8E09-4EBA915D8A3D}"
EndProject
Project("{FAE04EC0-301F-11D3-BF4B-00C04F79EFBC}") = "Tyuiu.SherenkovIR.Sprint4.Task2.V10.Lib", "Tyuiu.SherenkovIR.Sprint4.Task2.V10.Lib\Tyuiu.SherenkovIR.Sprint4.Task2.V10.Lib.csproj", "{2C9D574D-D474-44E6-9F31-D068CB2ADDAF}"
EndProject
Project("{FAE04EC0-301F-11D3-BF4B-00C04F79EFBC}") = "Tyuiu.SherenkovIR.Sprint4.Task2.V10.Test", "Tyuiu.SherenkovIR.Sprint4.Task2.V10.Test\Tyuiu.SherenkovIR.Sprint4.Task2.V10.Test.csproj", "{1E3D8168-3BEF-4126-BFC9-97F8ABADB56E}"
EndProject
Project("{2150E333-8FDC-42A3-9474-1A3956D46DE8}") = "Task3", "Task3", "{482EBE74-A0AA-4EC9-B086-9E426EF40779}"
EndProject
Project("{FAE04EC0-301F-11D3-BF4B-00C04F79EFBC}") = "Tyuiu.SherenkovIR.Sprint4.Task3.V17", "Tyuiu.SherenkovIR.Sprint4.Task3.V17\Tyuiu.SherenkovIR.Sprint4.Task3.V17.csproj", "{D605CACB-8EE4-48A6-AFBA-0DA07FE6A30C}"
EndProject
Project("{FAE04EC0-301F-11D3-BF4B-00C04F79EFBC}") = "Tyuiu.SherenkovIR.Sprint4.Task3.V17.Lib", "Tyuiu.SherenkovIR.Sprint4.Task3.V17.Lib\Tyuiu.SherenkovIR.Sprint4.Task3.V17.Lib.csproj", "{52AAE637-E6C3-4241-AF18-EF6947B8B9B7}"
EndProject
Project("{FAE04EC0-301F-11D3-BF4B-00C04F79EFBC}") = "Tyuiu.SherenkovIR.Sprint4.Task3.V17.Test", "Tyuiu.SherenkovIR.Sprint4.Task3.V17.Test\Tyuiu.SherenkovIR.Sprint4.Task3.V17.Test.csproj", "{CA98B7A0-EEF0-44D7-AF73-EF535FA3D3DF}"
EndProject
Project("{2150E333-8FDC-42A3-9474-1A3956D46DE8}") = "Task4", "Task4", "{B6BE7383-63C2-4E55-929C-F2CE08BE4FD3}"
EndProject
Project("{FAE04EC0-301F-11D3-BF4B-00C04F79EFBC}") = "Tyuiu.SherenkovIR.Sprint4.Task4.V12", "Tyuiu.SherenkovIR.Sprint4.Task4.V12\Tyuiu.SherenkovIR.Sprint4.Task4.V12.csproj", "{0F4BE53B-FAD9-4070-96AC-11459ED9B1B8}"
EndProject
Project("{FAE04EC0-301F-11D3-BF4B-00C04F79EFBC}") = "Tyuiu.SherenkovIR.Sprint4.Task4.V12.Lib", "Tyuiu.SherenkovIR.Sprint4.Task4.V12.Lib\Tyuiu.SherenkovIR.Sprint4.Task4.V12.Lib.csproj", "{3211632A-C564-478A-A30B-5343EAC2E3F0}"
EndProject
Project("{FAE04EC0-301F-11D3-BF4B-00C04F79EFBC}") = "Tyuiu.SherenkovIR.Sprint4.Task4.V12.Test", "Tyuiu.SherenkovIR.Sprint4.Task4.V12.Test\Tyuiu.SherenkovIR.Sprint4.Task4.V12.Test.csproj", "{2F509F9A-1254-4C8D-90D3-874C10222D06}"
EndProject
Project("{2150E333-8FDC-42A3-9474-1A3956D46DE8}") = "Task5", "Task5", "{2E51B956-B77F-4AD7-B38C-0F67AC0540AB}"
EndProject
Project("{FAE04EC0-301F-11D3-BF4B-00C04F79EFBC}") = "Tyuiu.SherenkovIR.Sprint4.Task5.V8", "Tyuiu.SherenkovIR.Sprint4.Task5.V8\Tyuiu.SherenkovIR.Sprint4.Task5.V8.csproj", "{45CF8E13-0522-4CD0-87AA-D04438C205A0}"
EndProject
Project("{FAE04EC0-301F-11D3-BF4B-00C04F79EFBC}") = "Tyuiu.SherenkovIR.Sprint4.Task5.V8.Lib", "Tyuiu.SherenkovIR.Sprint4.Task5.V8.Lib\Tyuiu.SherenkovIR.Sprint4.Task5.V8.Lib.csproj", "{BF7EBBAC-81C5-46DD-BB48-53FD1F4891DF}"
EndProject
Project("{FAE04EC0-301F-11D3-BF4B-00C04F79EFBC}") = "Tyuiu.SherenkovIR.Sprint4.Task5.V8.Test", "Tyuiu.SherenkovIR.Sprint4.Task5.V8.Test\Tyuiu.SherenkovIR.Sprint4.Task5.V8.Test.csproj", "{BFC58068-0025-4086-9538-DEBE600345EE}"
EndProject
Project("{2150E333-8FDC-42A3-9474-1A3956D46DE8}") = "Task6", "Task6", "{2A9DB36E-73BC-4C95-80E3-B5DE2571D30D}"
EndProject
Project("{FAE04EC0-301F-11D3-BF4B-00C04F79EFBC}") = "Tyuiu.SherenkovIR.Sprint4.Task6.V30", "Tyuiu.SherenkovIR.Sprint4.Task6.V30\Tyuiu.SherenkovIR.Sprint4.Task6.V30.csproj", "{3B8F6A17-EAC3-407B-B2C2-56E97036221B}"
EndProject
Project("{FAE04EC0-301F-11D3-BF4B-00C04F79EFBC}") = "Tyuiu.SherenkovIR.Sprint4.Task6.V30.Lib", "Tyuiu.SherenkovIR.Sprint4.Task6.V30.Lib\Tyuiu.SherenkovIR.Sprint4.Task6.V30.Lib.csproj", "{FF7FF05E-192A-4FBA-967D-86F521B015F7}"
EndProject
Project("{FAE04EC0-301F-11D3-BF4B-00C04F79EFBC}") = "Tyuiu.SherenkovIR.Sprint4.Task6.V30.Test", "Tyuiu.SherenkovIR.Sprint4.Task6.V30.Test\Tyuiu.SherenkovIR.Sprint4.Task6.V30.Test.csproj", "{9A9E7DE3-456D-4A6C-8203-E142F77B282E}"
EndProject
Project("{2150E333-8FDC-42A3-9474-1A3956D46DE8}") = "Task7", "Task7", "{23DEF20F-2A88-40BB-8942-ACE7B3ED3079}"
EndProject
Project("{FAE04EC0-301F-11D3-BF4B-00C04F79EFBC}") = "Tyuiu.SherenkovIR.Sprint4.Task7.V30", "Tyuiu.SherenkovIR.Sprint4.Task7.V30\Tyuiu.SherenkovIR.Sprint4.Task7.V30.csproj", "{6C9646BD-25FA-4785-AEB6-EF4B2BCCCDA4}"
EndProject
Project("{FAE04EC0-301F-11D3-BF4B-00C04F79EFBC}") = "Tyuiu.SherenkovIR.Sprint4.Task7.V30.Lib", "Tyuiu.SherenkovIR.Sprint4.Task7.V30.Lib\Tyuiu.SherenkovIR.Sprint4.Task7.V30.Lib.csproj", "{8497448A-5BBB-4508-9B65-40877DFA8935}"
EndProject
Project("{FAE04EC0-301F-11D3-BF4B-00C04F79EFBC}") = "Tyuiu.SherenkovIR.Sprint4.Task7.V30.Test", "Tyuiu.SherenkovIR.Sprint4.Task7.V30.Test\Tyuiu.SherenkovIR.Sprint4.Task7.V30.Test.csproj", "{09D7F9DB-2D7B-4853-A475-8FCBEBFCB649}"
EndProject
Global
	GlobalSection(SolutionConfigurationPlatforms) = preSolution
		Debug|Any CPU = Debug|Any CPU
		Release|Any CPU = Release|Any CPU
	EndGlobalSection
	GlobalSection(ProjectConfigurationPlatforms) = postSolution
		{961B2726-D2F8-4770-B880-8B81D3695627}.Debug|Any CPU.ActiveCfg = Debug|Any CPU
		{961B2726-D2F8-4770-B880-8B81D3695627}.Debug|Any CPU.Build.0 = Debug|Any CPU
		{961B2726-D2F8-4770-B880-8B81D3695627}.Release|Any CPU.ActiveCfg = Release|Any CPU
		{961B2726-D2F8-4770-B880-8B81D3695627}.Release|Any CPU.Build.0 = Release|Any CPU
		{4037E014-8029-4B4B-A87D-626268438F45}.Debug|Any CPU.ActiveCfg = Debug|Any CPU
		{4037E014-8029-4B4B-A87D-626268438F45}.Debug|Any CPU.Build.0 = Debug|Any CPU
		{4037E014-8029-4B4B-A87D-626268438F45}.Release|Any CPU.ActiveCfg = Release|Any CPU
		{4037E014-8029-4B4B-A87D-626268438F45}.Release|Any CPU.Build.0 = Release|Any CPU
		{1F33981C-AEA2-440C-838E-D2C30C09AF88}.Debug|Any CPU.ActiveCfg = Debug|Any CPU
		{1F33981C-AEA2-440C-838E-D2C30C09AF88}.Debug|Any CPU.Build.0 = Debug|Any CPU
		{1F33981C-AEA2-440C-838E-D2C30C09AF88}.Release|Any CPU.ActiveCfg = Release|Any CPU
		{1F33981C-AEA2-440C-838E-D2C30C09AF88}.Release|Any CPU.Build.0 = Release|Any CPU
		{826C278D-5329-4FAA-89AE-C8F20ECD3709}.Debug|Any CPU.ActiveCfg = Debug|Any CPU
		{826C278D-5329-4FAA-89AE-C8F20ECD3709}.Debug|Any CPU.Build.0 = Debug|Any CPU
		{826C278D-5329-4FAA-89AE-C8F20ECD3709}.Release|Any CPU.ActiveCfg = Release|Any CPU
		{826C278D-5329-4FAA-89AE-C8F20ECD3709}.Release|Any CPU.Build.0 = Release|Any CPU
		{DDF956FB-924A-4132-BDC8-F5B9D3DB0A10}.Debug|Any CPU.ActiveCfg = Debug|Any CPU
		{DDF956FB-924A-4132-BDC8-F5B9D3DB0A10}.Debug|Any CPU.Build.0 = Debug|Any CPU
		{DDF956FB-924A-4132-BDC8-F5B9D3DB0A10}.Release|Any CPU.ActiveCfg = Release|Any CPU
		{DDF956FB-924A-4132-BDC8-F5B9D3DB0A10}.Release|Any CPU.Build.0 = Release|Any CPU
		{4052EB94-CEA1-468C-8B23-89EAFA8258E2}.Debug|Any CPU.ActiveCfg = Debug|Any CPU
		{4052EB94-CEA1-468C-8B23-89EAFA8258E2}.Debug|Any CPU.Build.0 = Debug|Any CPU
		{4052EB94-CEA1-468C-8B23-89EAFA8258E2}.Release|Any CPU.ActiveCfg = Release|Any CPU
		{4052EB94-CEA1-468C-8B23-89EAFA8258E2}.Release|Any CPU.Build.0 = Release|Any CPU
		{BD0D5014-A395-4F1F-8E09-4EBA915D8A3D}.Debug|Any CPU.ActiveCfg = Debug|Any CPU
		{BD0D5014-A395-4F1F-8E09-4EBA915D8A3D}.Debug|Any CPU.Build.0 = Debug|Any CPU
		{BD0D5014-A395-4F1F-8E09-4EBA915D8A3D}.Release|Any CPU.ActiveCfg = Release|Any CPU
		{BD0D5014-A395-4F1F-8E09-4EBA915D8A3D}.Release|Any CPU.Build.0 = Release|Any CPU
		{2C9D574D-D474-44E6-9F31-D068CB2ADDAF}.Debug|Any CPU.ActiveCfg = Debug|Any CPU
		{2C9D574D-D474-44E6-9F31-D068CB2ADDAF}.Debug|Any CPU.Build.0 = Debug|Any CPU
		{2C9D574D-D474-44E6-9F31-D068CB2ADDAF}.Release|Any CPU.ActiveCfg = Release|Any CPU
		{2C9D574D-D474-44E6-9F31-D068CB2ADDAF}.Release|Any CPU.Build.0 = Release|Any CPU
		{1E3D8168-3BEF-4126-BFC9-97F8ABADB56E}.Debug|Any CPU.ActiveCfg = Debug|Any CPU
		{1E3D8168-3BEF-4126-BFC9-97F8ABADB56E}.Debug|Any CPU.Build.0 = Debug|Any CPU
		{1E3D8168-3BEF-4126-BFC9-97F8ABADB56E}.Release|Any CPU.ActiveCfg = Release|Any CPU
		{1E3D8168-3BEF-4126-BFC9-97F8ABADB56E}.Release|Any CPU.Build.0 = Release|Any CPU
		{D605CACB-8EE4-48A6-AFBA-0DA07FE6A30C}.Debug|Any CPU.ActiveCfg = Debug|Any CPU
		{D605CACB-8EE4-48A6-AFBA-0DA07FE6A30C}.Debug|Any CPU.Build.0 = Debug|Any CPU
		{D605CACB-8EE4-48A6-AFBA-0DA07FE6A30C}.Release|Any CPU.ActiveCfg = Release|Any CPU
		{D605CACB-8EE4-48A6-AFBA-0DA07FE6A30C}.Release|Any CPU.Build.0 = Release|Any CPU
		{52AAE637-E6C3-4241-AF18-EF6947B8B9B7}.Debug|Any CPU.ActiveCfg = Debug|Any CPU
		{52AAE637-E6C3-4241-AF18-EF6947B8B9B7}.Debug|Any CPU.Build.0 = Debug|Any CPU
		{52AAE637-E6C3-4241-AF18-EF6947B8B9B7}.Release|Any CPU.ActiveCfg = Release|Any CPU
		{52AAE637-E6C3-4241-AF18-EF6947B8B9B7}.Release|Any CPU.Build.0 = Release|Any CPU
		{CA98B7A0-EEF0-44D7-AF73-EF535FA3D3DF}.Debug|Any CPU.ActiveCfg = Debug|Any CPU
		{CA98B7A0-EEF0-44D7-AF73-EF535FA3D3DF}.Debug|Any CPU.Build.0 = Debug|Any CPU
		{CA98B7A0-EEF0-44D7-AF73-EF535FA3D3DF}.Release|Any CPU.ActiveCfg = Release|Any CPU
		{CA98B7A0-EEF0-44D7-AF73-EF535FA3D3DF}.Release|Any CPU.Build.0 = Release|Any CPU
		{0F4BE53B-FAD9-4070-96AC-11459ED9B1B8}.Debug|Any CPU.ActiveCfg = Debug|Any CPU
		{0F4BE53B-FAD9-4070-96AC-11459ED9B1B8}.Debug|Any CPU.Build.0 = Debug|Any CPU
		{0F4BE53B-FAD9-4070-96AC-11459ED9B1B8}.Release|Any CPU.ActiveCfg = Release|Any CPU
		{0F4BE53B-FAD9-4070-96AC-11459ED9B1B8}.Release|Any CPU.Build.0 = Release|Any CPU
		{3211632A-C564-478A-A30B-5343EAC2E3F0}.Debug|Any CPU.ActiveCfg = Debug|Any CPU
		{3211632A-C564-478A-A30B-5343EAC2E3F0}.Debug|Any CPU.Build.0 = Debug|Any CPU
		{3211632A-C564-478A-A30B-5343EAC2E3F0}.Release|Any CPU.ActiveCfg = Release|Any CPU
		{3211632A-C564-478A-A30B-5343EAC2E3F0}.Release|Any CPU.Build.0 = Release|Any CPU
		{2F509F9A-1254-4C8D-90D3-874C10222D06}.Debug|Any CPU.ActiveCfg = Debug|Any CPU
		{2F509F9A-1254-4C8D-90D3-874C10222D06}.Debug|Any CPU.Build.0 = Debug|Any CPU
		{2F509F9A-1254-4C8D-90D3-874C10222D06}.Release|Any CPU.ActiveCfg = Release|Any CPU
		{2F509F9A-1254-4C8D-90D3-874C10222D06}.Release|Any CPU.Build.0 = Release|Any CPU
		{45CF8E13-0522-4CD0-87AA-D04438C205A0}.Debug|Any CPU.ActiveCfg = Debug|Any CPU
		{45CF8E13-0522-4CD0-87AA-D04438C205A0}.Debug|Any CPU.Build.0 = Debug|Any CPU
		{45CF8E13-0522-4CD0-87AA-D04438C205A0}.Release|Any CPU.ActiveCfg = Release|Any CPU
		{45CF8E13-0522-4CD0-87AA-D04438C205A0}.Release|Any CPU.Build.0 = Release|Any CPU
		{BF7EBBAC-81C5-46DD-BB48-53FD1F4891DF}.Debug|Any CPU.ActiveCfg = Debug|Any CPU
		{BF7EBBAC-81C5-46DD-BB48-53FD1F4891DF}.Debug|Any CPU.Build.0 = Debug|Any CPU
		{BF7EBBAC-81C5-46DD-BB48-53FD1F4891DF}.Release|Any CPU.ActiveCfg = Release|Any CPU
		{BF7EBBAC-81C5-46DD-BB48-53FD1F4891DF}.Release|Any CPU.Build.0 = Release|Any CPU
		{BFC58068-0025-4086-9538-DEBE600345EE}.Debug|Any CPU.ActiveCfg = Debug|Any CPU
		{BFC58068-0025-4086-9538-DEBE600345EE}.Debug|Any CPU.Build.0 = Debug|Any CPU
		{BFC58068-0025-4086-9538-DEBE600345EE}.Release|Any CPU.ActiveCfg = Release|Any CPU
		{BFC58068-0025-4086-9538-DEBE600345EE}.Release|Any CPU.Build.0 = Release|Any CPU
		{3B8F6A17-EAC3-407B-B2C2-56E97036221B}.Debug|Any CPU.ActiveCfg = Debug|Any CPU
		{3B8F6A17-EAC3-407B-B2C2-56E97036221B}.Debug|Any CPU.Build.0 = Debug|Any CPU
		{3B8F6A17-EAC3-407B-B2C2-56E97036221B}.Release|Any CPU.ActiveCfg = Release|Any CPU
		{3B8F6A17-EAC3-407B-B2C2-56E97036221B}.Release|Any CPU.Build.0 = Release|Any CPU
		{FF7FF05E-192A-4FBA-967D-86F521B015F7}.Debug|Any CPU.ActiveCfg = Debug|Any CPU
		{FF7FF05E-192A-4FBA-967D-86F521B015F7}.Debug|Any CPU.Build.0 = Debug|Any CPU
		{FF7FF05E-192A-4FBA-967D-86F521B015F7}.Release|Any CPU.ActiveCfg = Release|Any CPU
		{FF7FF05E-192A-4FBA-967D-86F521B015F7}.Release|Any CPU.Build.0 = Release|Any CPU
		{9A9E7DE3-456D-4A6C-8203-E142F77B282E}.Debug|Any CPU.ActiveCfg = Debug|Any CPU
		{9A9E7DE3-456D-4A6C-8203-E142F77B282E}.Debug|Any CPU.Build.0 = Debug|Any CPU
		{9A9E7DE3-456D-4A6C-8203-E142F77B282E}.Release|Any CPU.ActiveCfg = Release|Any CPU
		{9A9E7DE3-456D-4A6C-8203-E142F77B282E}.Release|Any CPU.Build.0 = Release|Any CPU
		{6C9646BD-25FA-4785-AEB6-EF4B2BCCCDA4}.Debug|Any CPU.ActiveCfg = Debug|Any CPU
		{6C9646BD-25FA-4785-AEB6-EF4B2BCCCDA4}.Debug|Any CPU.Build.0 = Debug|Any CPU
		{6C9646BD-25FA-4785-AEB6-EF4B2BCCCDA4}.Release|Any CPU.ActiveCfg = Release|Any CPU
		{6C9646BD-25FA-4785-AEB6-EF4B2BCCCDA4}.Release|Any CPU.Build.0 = Release|Any CPU
		{8497448A-5BBB-4508-9B65-40877DFA8935}.Debug|Any CPU.ActiveCfg = Debug|Any CPU
		{8497448A-5BBB-4508-9B65-40877DFA8935}.Debug|Any CPU.Build.0 = Debug|Any CPU
		{8497448A-5BBB-4508-9B65-40877DFA8935}.Release|Any CPU.ActiveCfg = Release|Any CPU
		{8497448A-5BBB-4508-9B65-40877DFA8935}.Release|Any CPU.Build.0 = Release|Any CPU
		{09D7F9DB-2D7B-4853-A475-8FCBEBFCB649}.Debug|Any CPU.ActiveCfg = Debug|Any CPU
		{09D7F9DB-2D7B-4853-A475-8FCBEBFCB649}.Debug|Any CPU.Build.0 = Debug|Any CPU
		{09D7F9DB-2D7B-4853-A475-8FCBEBFCB649}.Release|Any CPU.ActiveCfg = Release|Any CPU
		{09D7F9DB-2D7B-4853-A475-8FCBEBFCB649}.Release|Any CPU.Build.0 = Release|Any CPU
	EndGlobalSection
	GlobalSection(SolutionProperties) = preSolution
		HideSolutionNode = FALSE
	EndGlobalSection
	GlobalSection(NestedProjects) = preSolution
		{961B2726-D2F8-4770-B880-8B81D3695627} = {02EA681E-C7D8-13C7-8484-4AC65E1B71E8}
		{4037E014-8029-4B4B-A87D-626268438F45} = {02EA681E-C7D8-13C7-8484-4AC65E1B71E8}
		{1F33981C-AEA2-440C-838E-D2C30C09AF88} = {02EA681E-C7D8-13C7-8484-4AC65E1B71E8}
		{826C278D-5329-4FAA-89AE-C8F20ECD3709} = {920233E6-0591-4FD6-887C-91C90443F1BD}
		{DDF956FB-924A-4132-BDC8-F5B9D3DB0A10} = {920233E6-0591-4FD6-887C-91C90443F1BD}
		{4052EB94-CEA1-468C-8B23-89EAFA8258E2} = {920233E6-0591-4FD6-887C-91C90443F1BD}
		{BD0D5014-A395-4F1F-8E09-4EBA915D8A3D} = {B20DCDE8-03D6-446F-834B-E1F567086EE4}
		{2C9D574D-D474-44E6-9F31-D068CB2ADDAF} = {B20DCDE8-03D6-446F-834B-E1F567086EE4}
		{1E3D8168-3BEF-4126-BFC9-97F8ABADB56E} = {B20DCDE8-03D6-446F-834B-E1F567086EE4}
		{D605CACB-8EE4-48A6-AFBA-0DA07FE6A30C} = {482EBE74-A0AA-4EC9-B086-9E426EF40779}
		{52AAE637-E6C3-4241-AF18-EF6947B8B9B7} = {482EBE74-A0AA-4EC9-B086-9E426EF40779}
		{CA98B7A0-EEF0-44D7-AF73-EF535FA3D3DF} = {482EBE74-A0AA-4EC9-B086-9E426EF40779}
		{0F4BE53B-FAD9-4070-96AC-11459ED9B1B8} = {B6BE7383-63C2-4E55-929C-F2CE08BE4FD3}
		{3211632A-C564-478A-A30B-5343EAC2E3F0} = {B6BE7383-63C2-4E55-929C-F2CE08BE4FD3}
		{2F509F9A-1254-4C8D-90D3-874C10222D06} = {B6BE7383-63C2-4E55-929C-F2CE08BE4FD3}
		{45CF8E13-0522-4CD0-87AA-D04438C205A0} = {2E51B956-B77F-4AD7-B38C-0F67AC0540AB}
		{BF7EBBAC-81C5-46DD-BB48-53FD1F4891DF} = {2E51B956-B77F-4AD7-B38C-0F67AC0540AB}
		{BFC58068-0025-4086-9538-DEBE600345EE} = {2E51B956-B77F-4AD7-B38C-0F67AC0540AB}
		{3B8F6A17-EAC3-407B-B2C2-56E97036221B} = {2A9DB36E-73BC-4C95-80E3-B5DE2571D30D}
		{FF7FF05E-192A-4FBA-967D-86F521B015F7} = {2A9DB36E-73BC-4C95-80E3-B5DE2571D30D}
		{9A9E7DE3-456D-4A6C-8203-E142F77B282E} = {2A9DB36E-73BC-4C95-80E3-B5DE2571D30D}
		{6C9646BD-25FA-4785-AEB6-EF4B2BCCCDA4} = {23DEF20F-2A88-40BB-8942-ACE7B3ED3079}
		{8497448A-5BBB-4508-9B65-40877DFA8935} = {23DEF20F-2A88-40BB-8942-ACE7B3ED3079}
		{09D7F9DB-2D7B-4853-A475-8FCBEBFCB649} = {23DEF20F-2A88-40BB-8942-ACE7B3ED3079}
	EndGlobalSection
	GlobalSection(ExtensibilityGlobals) = postSolution
		SolutionGuid = {C4561A03-716E-479D-968C-5BCF43C036F9}
	EndGlobalSection
EndGlobal
